
Microsoft Visual Studio Solution File, Format Version 12.00
# Visual Studio Version 17
VisualStudioVersion = 17.5.33530.505
MinimumVisualStudioVersion = 10.0.40219.1
Project("{9A19103F-16F7-4668-BE54-9A1E7A4F7556}") = "GoFast.UI", "GoFast.UI.csproj", "{77A48B9A-19EA-4C33-A1F4-ECC470EDB530}"
EndProject
Global
	GlobalSection(SolutionConfigurationPlatforms) = preSolution
		Debug|Any CPU = Debug|Any CPU
		Release|Any CPU = Release|Any CPU
	EndGlobalSection
	GlobalSection(ProjectConfigurationPlatforms) = postSolution
		{77A48B9A-19EA-4C33-A1F4-ECC470EDB530}.Debug|Any CPU.ActiveCfg = Debug|Any CPU
		{77A48B9A-19EA-4C33-A1F4-ECC470EDB530}.Debug|Any CPU.Build.0 = Debug|Any CPU
		{77A48B9A-19EA-4C33-A1F4-ECC470EDB530}.Release|Any CPU.ActiveCfg = Release|Any CPU
		{77A48B9A-19EA-4C33-A1F4-ECC470EDB530}.Release|Any CPU.Build.0 = Release|Any CPU
	EndGlobalSection
	GlobalSection(SolutionProperties) = preSolution
		HideSolutionNode = FALSE
	EndGlobalSection
	GlobalSection(ExtensibilityGlobals) = postSolution
		SolutionGuid = {454687A5-E4ED-4947-B1F9-44B5FA07A049}
	EndGlobalSection
EndGlobal
